// !$*UTF8*$!
{
	archiveVersion = 1;
	classes = {
	};
	objectVersion = 46;
	objects = {

/* Begin PBXBuildFile section */
		2958EBA71E6E90D400160BE7 /* main.m in Sources */ = {isa = PBXBuildFile; fileRef = 2958EBA61E6E90D400160BE7 /* main.m */; };
		2958EBB21E6E93CB00160BE7 /* ZWAItem.m in Sources */ = {isa = PBXBuildFile; fileRef = 2958EBB11E6E93CB00160BE7 /* ZWAItem.m */; };
		2958EBB41E6EA1B700160BE7 /* 知识点.txt in Sources */ = {isa = PBXBuildFile; fileRef = 2958EBB31E6EA1B700160BE7 /* 知识点.txt */; };
/* End PBXBuildFile section */

/* Begin PBXCopyFilesBuildPhase section */
		2958EBA11E6E90D400160BE7 /* CopyFiles */ = {
			isa = PBXCopyFilesBuildPhase;
			buildActionMask = 2147483647;
			dstPath = /usr/share/man/man1/;
			dstSubfolderSpec = 0;
			files = (
			);
			runOnlyForDeploymentPostprocessing = 1;
		};
/* End PBXCopyFilesBuildPhase section */

/* Begin PBXFileReference section */
		2958EBA31E6E90D400160BE7 /* RandomItems */ = {isa = PBXFileReference; explicitFileType = "compiled.mach-o.executable"; includeInIndex = 0; path = RandomItems; sourceTree = BUILT_PRODUCTS_DIR; };
		2958EBA61E6E90D400160BE7 /* main.m */ = {isa = PBXFileReference; lastKnownFileType = sourcecode.c.objc; path = main.m; sourceTree = "<group>"; };
		2958EBB01E6E93CB00160BE7 /* ZWAItem.h */ = {isa = PBXFileReference; fileEncoding = 4; lastKnownFileType = sourcecode.c.h; path = ZWAItem.h; sourceTree = "<group>"; };
		2958EBB11E6E93CB00160BE7 /* ZWAItem.m */ = {isa = PBXFileReference; fileEncoding = 4; lastKnownFileType = sourcecode.c.objc; path = ZWAItem.m; sourceTree = "<group>"; };
		2958EBB31E6EA1B700160BE7 /* 知识点.txt */ = {isa = PBXFileReference; fileEncoding = 4; lastKnownFileType = text; path = "知识点.txt"; sourceTree = "<group>"; };
/* End PBXFileReference section */

/* Begin PBXFrameworksBuildPhase section */
		2958EBA01E6E90D400160BE7 /* Frameworks */ = {
			isa = PBXFrameworksBuildPhase;
			buildActionMask = 2147483647;
			files = (
			);
			runOnlyForDeploymentPostprocessing = 0;
		};
/* End PBXFrameworksBuildPhase section */

/* Begin PBXGroup section */
		2958EB9A1E6E90D400160BE7 = {
			isa = PBXGroup;
			children = (
				2958EBA51E6E90D400160BE7 /* RandomItems */,
				2958EBA41E6E90D400160BE7 /* Products */,
			);
			sourceTree = "<group>";
		};
		2958EBA41E6E90D400160BE7 /* Products */ = {
			isa = PBXGroup;
			children = (
				2958EBA31E6E90D400160BE7 /* RandomItems */,
			);
			name = Products;
			sourceTree = "<group>";
		};
		2958EBA51E6E90D400160BE7 /* RandomItems */ = {
			isa = PBXGroup;
			children = (
				2958EBA61E6E90D400160BE7 /* main.m */,
				2958EBB01E6E93CB00160BE7 /* ZWAItem.h */,
				2958EBB11E6E93CB00160BE7 /* ZWAItem.m */,
				2958EBB31E6EA1B700160BE7 /* 知识点.txt */,
			);
			path = RandomItems;
			sourceTree = "<group>";
		};
/* End PBXGroup section */

/* Begin PBXNativeTarget section */
		2958EBA21E6E90D400160BE7 /* RandomItems */ = {
			isa = PBXNativeTarget;
			buildConfigurationList = 2958EBAA1E6E90D400160BE7 /* Build configuration list for PBXNativeTarget "RandomItems" */;
			buildPhases = (
				2958EB9F1E6E90D400160BE7 /* Sources */,
				2958EBA01E6E90D400160BE7 /* Frameworks */,
				2958EBA11E6E90D400160BE7 /* CopyFiles */,
			);
			buildRules = (
			);
			dependencies = (
			);
			name = RandomItems;
			productName = RandomItems;
			productReference = 2958EBA31E6E90D400160BE7 /* RandomItems */;
			productType = "com.apple.product-type.tool";
		};
/* End PBXNativeTarget section */

/* Begin PBXProject section */
		2958EB9B1E6E90D400160BE7 /* Project object */ = {
			isa = PBXProject;
			attributes = {
				CLASSPREFIX = ZWA;
				LastUpgradeCheck = 0800;
				ORGANIZATIONNAME = "Zeon Waa";
				TargetAttributes = {
					2958EBA21E6E90D400160BE7 = {
						CreatedOnToolsVersion = 8.0;
						DevelopmentTeam = 2BG57RH823;
						ProvisioningStyle = Automatic;
					};
				};
			};
			buildConfigurationList = 2958EB9E1E6E90D400160BE7 /* Build configuration list for PBXProject "RandomItems" */;
			compatibilityVersion = "Xcode 3.2";
			developmentRegion = English;
			hasScannedForEncodings = 0;
			knownRegions = (
				en,
			);
			mainGroup = 2958EB9A1E6E90D400160BE7;
			productRefGroup = 2958EBA41E6E90D400160BE7 /* Products */;
			projectDirPath = "";
			projectRoot = "";
			targets = (
				2958EBA21E6E90D400160BE7 /* RandomItems */,
			);
		};
/* End PBXProject section */

/* Begin PBXSourcesBuildPhase section */
		2958EB9F1E6E90D400160BE7 /* Sources */ = {
			isa = PBXSourcesBuildPhase;
			buildActionMask = 2147483647;
			files = (
				2958EBA71E6E90D400160BE7 /* main.m in Sources */,
				2958EBB21E6E93CB00160BE7 /* ZWAItem.m in Sources */,
				2958EBB41E6EA1B700160BE7 /* 知识点.txt in Sources */,
			);
			runOnlyForDeploymentPostprocessing = 0;
		};
/* End PBXSourcesBuildPhase section */

/* Begin XCBuildConfiguration section */
		2958EBA81E6E90D400160BE7 /* Debug */ = {
			isa = XCBuildConfiguration;
			buildSettings = {
				ALWAYS_SEARCH_USER_PATHS = NO;
				CLANG_ANALYZER_NONNULL = YES;
				CLANG_CXX_LANGUAGE_STANDARD = "gnu++0x";
				CLANG_CXX_LIBRARY = "libc++";
				CLANG_ENABLE_MODULES = YES;
				CLANG_ENABLE_OBJC_ARC = YES;
				CLANG_WARN_BOOL_CONVERSION = YES;
				CLANG_WARN_CONSTANT_CONVERSION = YES;
				CLANG_WARN_DIRECT_OBJC_ISA_USAGE = YES_ERROR;
				CLANG_WARN_DOCUMENTATION_COMMENTS = YES;
				CLANG_WARN_EMPTY_BODY = YES;
				CLANG_WARN_ENUM_CONVERSION = YES;
				CLANG_WARN_INFINITE_RECURSION = YES;
				CLANG_WARN_INT_CONVERSION = YES;
				CLANG_WARN_OBJC_ROOT_CLASS = YES_ERROR;
				CLANG_WARN_SUSPICIOUS_MOVES = YES;
				CLANG_WARN_UNREACHABLE_CODE = YES;
				CLANG_WARN__DUPLICATE_METHOD_MATCH = YES;
				CODE_SIGN_IDENTITY = "-";
				COPY_PHASE_STRIP = NO;
				DEBUG_INFORMATION_FORMAT = dwarf;
				ENABLE_STRICT_OBJC_MSGSEND = YES;
				ENABLE_TESTABILITY = YES;
				GCC_C_LANGUAGE_STANDARD = gnu99;
				GCC_DYNAMIC_NO_PIC = NO;
				GCC_NO_COMMON_BLOCKS = YES;
				GCC_OPTIMIZATION_LEVEL = 0;
				GCC_PREPROCESSOR_DEFINITIONS = (
					"DEBUG=1",
					"$(inherited)",
				);
				GCC_WARN_64_TO_32_BIT_CONVERSION = YES;
				GCC_WARN_ABOUT_RETURN_TYPE = YES_ERROR;
				GCC_WARN_UNDECLARED_SELECTOR = YES;
				GCC_WARN_UNINITIALIZED_AUTOS = YES_AGGRESSIVE;
				GCC_WARN_UNUSED_FUNCTION = YES;
				GCC_WARN_UNUSED_VARIABLE = YES;
				MACOSX_DEPLOYMENT_TARGET = 10.8;
				MTL_ENABLE_DEBUG_INFO = YES;
				ONLY_ACTIVE_ARCH = YES;
				SDKROOT = macosx;
			};
			name = Debug;
		};
		2958EBA91E6E90D400160BE7 /* Release */ = {
			isa = XCBuildConfiguration;
			buildSettings = {
				ALWAYS_SEARCH_USER_PATHS = NO;
				CLANG_ANALYZER_NONNULL = YES;
				CLANG_CXX_LANGUAGE_STANDARD = "gnu++0x";
				CLANG_CXX_LIBRARY = "libc++";
				CLANG_ENABLE_MODULES = YES;
				CLANG_ENABLE_OBJC_ARC = YES;
				CLANG_WARN_BOOL_CONVERSION = YES;
				CLANG_WARN_CONSTANT_CONVERSION = YES;
				CLANG_WARN_DIRECT_OBJC_ISA_USAGE = YES_ERROR;
				CLANG_WARN_DOCUMENTATION_COMMENTS = YES;
				CLANG_WARN_EMPTY_BODY = YES;
				CLANG_WARN_ENUM_CONVERSION = YES;
				CLANG_WARN_INFINITE_RECURSION = YES;
				CLANG_WARN_INT_CONVERSION = YES;
				CLANG_WARN_OBJC_ROOT_CLASS = YES_ERROR;
				CLANG_WARN_SUSPICIOUS_MOVES = YES;
				CLANG_WARN_UNREACHABLE_CODE = YES;
				CLANG_WARN__DUPLICATE_METHOD_MATCH = YES;
				CODE_SIGN_IDENTITY = "-";
				COPY_PHASE_STRIP = NO;
				DEBUG_INFORMATION_FORMAT = "dwarf-with-dsym";
				ENABLE_NS_ASSERTIONS = NO;
				ENABLE_STRICT_OBJC_MSGSEND = YES;
				GCC_C_LANGUAGE_STANDARD = gnu99;
				GCC_NO_COMMON_BLOCKS = YES;
				GCC_WARN_64_TO_32_BIT_CONVERSION = YES;
				GCC_WARN_ABOUT_RETURN_TYPE = YES_ERROR;
				GCC_WARN_UNDECLARED_SELECTOR = YES;
				GCC_WARN_UNINITIALIZED_AUTOS = YES_AGGRESSIVE;
				GCC_WARN_UNUSED_FUNCTION = YES;
				GCC_WARN_UNUSED_VARIABLE = YES;
				MACOSX_DEPLOYMENT_TARGET = 10.8;
				MTL_ENABLE_DEBUG_INFO = NO;
				SDKROOT = macosx;
			};
			name = Release;
		};
		2958EBAB1E6E90D400160BE7 /* Debug */ = {
			isa = XCBuildConfiguration;
			buildSettings = {
				DEVELOPMENT_TEAM = 2BG57RH823;
				PRODUCT_NAME = "$(TARGET_NAME)";
			};
			name = Debug;
		};
		2958EBAC1E6E90D400160BE7 /* Release */ = {
			isa = XCBuildConfiguration;
			buildSettings = {
				DEVELOPMENT_TEAM = 2BG57RH823;
				PRODUCT_NAME = "$(TARGET_NAME)";
			};
			name = Release;
		};
/* End XCBuildConfiguration section */

/* Begin XCConfigurationList section */
		2958EB9E1E6E90D400160BE7 /* Build configuration list for PBXProject "RandomItems" */ = {
			isa = XCConfigurationList;
			buildConfigurations = (
				2958EBA81E6E90D400160BE7 /* Debug */,
				2958EBA91E6E90D400160BE7 /* Release */,
			);
			defaultConfigurationIsVisible = 0;
			defaultConfigurationName = Release;
		};
		2958EBAA1E6E90D400160BE7 /* Build configuration list for PBXNativeTarget "RandomItems" */ = {
			isa = XCConfigurationList;
			buildConfigurations = (
				2958EBAB1E6E90D400160BE7 /* Debug */,
				2958EBAC1E6E90D400160BE7 /* Release */,
			);
			defaultConfigurationIsVisible = 0;
			defaultConfigurationName = Release;
		};
/* End XCConfigurationList section */
	};
	rootObject = 2958EB9B1E6E90D400160BE7 /* Project object */;
}
