// !$*UTF8*$!
{
	archiveVersion = 1;
	classes = {
	};
	objectVersion = 46;
	objects = {

/* Begin PBXBuildFile section */
		4655D7F21E6FE66C007A6C41 /* HeadView.xib in Resources */ = {isa = PBXBuildFile; fileRef = 4655D7F11E6FE66C007A6C41 /* HeadView.xib */; };
		4655D7F51E6FF0E0007A6C41 /* ZWADetailViewController.m in Sources */ = {isa = PBXBuildFile; fileRef = 4655D7F41E6FF0E0007A6C41 /* ZWADetailViewController.m */; };
		4655D7FA1E700678007A6C41 /* ZWAImageStore.m in Sources */ = {isa = PBXBuildFile; fileRef = 4655D7F91E700678007A6C41 /* ZWAImageStore.m */; };
		4655D8291E7265D6007A6C41 /* ZWAItemCell.m in Sources */ = {isa = PBXBuildFile; fileRef = 4655D8281E7265D6007A6C41 /* ZWAItemCell.m */; };
		4655D82B1E7265F8007A6C41 /* ZWAItemCell.xib in Resources */ = {isa = PBXBuildFile; fileRef = 4655D82A1E7265F8007A6C41 /* ZWAItemCell.xib */; };
		4655D82E1E727B00007A6C41 /* ZWAImageViewController.m in Sources */ = {isa = PBXBuildFile; fileRef = 4655D82D1E727B00007A6C41 /* ZWAImageViewController.m */; };
		4655D8761E73AECC007A6C41 /* ZWADetailViewController.xib in Resources */ = {isa = PBXBuildFile; fileRef = 4655D8781E73AECC007A6C41 /* ZWADetailViewController.xib */; };
		4655D87D1E73EE11007A6C41 /* Settings.bundle in Resources */ = {isa = PBXBuildFile; fileRef = 4655D87C1E73EE11007A6C41 /* Settings.bundle */; };
		46F031A31E6FDB2500560B0B /* main.m in Sources */ = {isa = PBXBuildFile; fileRef = 46F031A21E6FDB2500560B0B /* main.m */; };
		46F031A61E6FDB2500560B0B /* AppDelegate.m in Sources */ = {isa = PBXBuildFile; fileRef = 46F031A51E6FDB2500560B0B /* AppDelegate.m */; };
		46F031A91E6FDB2500560B0B /* ViewController.m in Sources */ = {isa = PBXBuildFile; fileRef = 46F031A81E6FDB2500560B0B /* ViewController.m */; };
		46F031AE1E6FDB2500560B0B /* Assets.xcassets in Resources */ = {isa = PBXBuildFile; fileRef = 46F031AD1E6FDB2500560B0B /* Assets.xcassets */; };
		46F031B11E6FDB2500560B0B /* LaunchScreen.storyboard in Resources */ = {isa = PBXBuildFile; fileRef = 46F031AF1E6FDB2500560B0B /* LaunchScreen.storyboard */; };
		46F031BD1E6FDCFD00560B0B /* ZWAItem.m in Sources */ = {isa = PBXBuildFile; fileRef = 46F031BC1E6FDCFD00560B0B /* ZWAItem.m */; };
		46F031C01E6FDD7700560B0B /* ZWAItemStore.m in Sources */ = {isa = PBXBuildFile; fileRef = 46F031BF1E6FDD7700560B0B /* ZWAItemStore.m */; };
/* End PBXBuildFile section */

/* Begin PBXFileReference section */
		4655D7F11E6FE66C007A6C41 /* HeadView.xib */ = {isa = PBXFileReference; fileEncoding = 4; lastKnownFileType = file.xib; path = HeadView.xib; sourceTree = "<group>"; };
		4655D7F31E6FF0E0007A6C41 /* ZWADetailViewController.h */ = {isa = PBXFileReference; fileEncoding = 4; lastKnownFileType = sourcecode.c.h; path = ZWADetailViewController.h; sourceTree = "<group>"; };
		4655D7F41E6FF0E0007A6C41 /* ZWADetailViewController.m */ = {isa = PBXFileReference; fileEncoding = 4; lastKnownFileType = sourcecode.c.objc; path = ZWADetailViewController.m; sourceTree = "<group>"; };
		4655D7F81E700678007A6C41 /* ZWAImageStore.h */ = {isa = PBXFileReference; fileEncoding = 4; lastKnownFileType = sourcecode.c.h; path = ZWAImageStore.h; sourceTree = "<group>"; };
		4655D7F91E700678007A6C41 /* ZWAImageStore.m */ = {isa = PBXFileReference; fileEncoding = 4; lastKnownFileType = sourcecode.c.objc; path = ZWAImageStore.m; sourceTree = "<group>"; };
		4655D8271E7265D6007A6C41 /* ZWAItemCell.h */ = {isa = PBXFileReference; fileEncoding = 4; lastKnownFileType = sourcecode.c.h; path = ZWAItemCell.h; sourceTree = "<group>"; };
		4655D8281E7265D6007A6C41 /* ZWAItemCell.m */ = {isa = PBXFileReference; fileEncoding = 4; lastKnownFileType = sourcecode.c.objc; path = ZWAItemCell.m; sourceTree = "<group>"; };
		4655D82A1E7265F8007A6C41 /* ZWAItemCell.xib */ = {isa = PBXFileReference; fileEncoding = 4; lastKnownFileType = file.xib; path = ZWAItemCell.xib; sourceTree = "<group>"; };
		4655D82C1E727B00007A6C41 /* ZWAImageViewController.h */ = {isa = PBXFileReference; fileEncoding = 4; lastKnownFileType = sourcecode.c.h; path = ZWAImageViewController.h; sourceTree = "<group>"; };
		4655D82D1E727B00007A6C41 /* ZWAImageViewController.m */ = {isa = PBXFileReference; fileEncoding = 4; lastKnownFileType = sourcecode.c.objc; path = ZWAImageViewController.m; sourceTree = "<group>"; };
		4655D8771E73AECC007A6C41 /* Base */ = {isa = PBXFileReference; lastKnownFileType = file.xib; name = Base; path = Base.lproj/ZWADetailViewController.xib; sourceTree = "<group>"; };
		4655D87B1E73AEDA007A6C41 /* es */ = {isa = PBXFileReference; lastKnownFileType = text.plist.strings; name = es; path = es.lproj/ZWADetailViewController.strings; sourceTree = "<group>"; };
		4655D87C1E73EE11007A6C41 /* Settings.bundle */ = {isa = PBXFileReference; lastKnownFileType = "wrapper.plug-in"; path = Settings.bundle; sourceTree = "<group>"; };
		46F0319E1E6FDB2500560B0B /* Homepwner.app */ = {isa = PBXFileReference; explicitFileType = wrapper.application; includeInIndex = 0; path = Homepwner.app; sourceTree = BUILT_PRODUCTS_DIR; };
		46F031A21E6FDB2500560B0B /* main.m */ = {isa = PBXFileReference; lastKnownFileType = sourcecode.c.objc; path = main.m; sourceTree = "<group>"; };
		46F031A41E6FDB2500560B0B /* AppDelegate.h */ = {isa = PBXFileReference; lastKnownFileType = sourcecode.c.h; path = AppDelegate.h; sourceTree = "<group>"; };
		46F031A51E6FDB2500560B0B /* AppDelegate.m */ = {isa = PBXFileReference; lastKnownFileType = sourcecode.c.objc; path = AppDelegate.m; sourceTree = "<group>"; };
		46F031A71E6FDB2500560B0B /* ViewController.h */ = {isa = PBXFileReference; lastKnownFileType = sourcecode.c.h; path = ViewController.h; sourceTree = "<group>"; };
		46F031A81E6FDB2500560B0B /* ViewController.m */ = {isa = PBXFileReference; lastKnownFileType = sourcecode.c.objc; path = ViewController.m; sourceTree = "<group>"; };
		46F031AD1E6FDB2500560B0B /* Assets.xcassets */ = {isa = PBXFileReference; lastKnownFileType = folder.assetcatalog; path = Assets.xcassets; sourceTree = "<group>"; };
		46F031B01E6FDB2500560B0B /* Base */ = {isa = PBXFileReference; lastKnownFileType = file.storyboard; name = Base; path = Base.lproj/LaunchScreen.storyboard; sourceTree = "<group>"; };
		46F031B21E6FDB2500560B0B /* Info.plist */ = {isa = PBXFileReference; lastKnownFileType = text.plist.xml; path = Info.plist; sourceTree = "<group>"; };
		46F031BB1E6FDCFD00560B0B /* ZWAItem.h */ = {isa = PBXFileReference; fileEncoding = 4; lastKnownFileType = sourcecode.c.h; path = ZWAItem.h; sourceTree = "<group>"; };
		46F031BC1E6FDCFD00560B0B /* ZWAItem.m */ = {isa = PBXFileReference; fileEncoding = 4; lastKnownFileType = sourcecode.c.objc; path = ZWAItem.m; sourceTree = "<group>"; };
		46F031BE1E6FDD7700560B0B /* ZWAItemStore.h */ = {isa = PBXFileReference; fileEncoding = 4; lastKnownFileType = sourcecode.c.h; path = ZWAItemStore.h; sourceTree = "<group>"; };
		46F031BF1E6FDD7700560B0B /* ZWAItemStore.m */ = {isa = PBXFileReference; fileEncoding = 4; lastKnownFileType = sourcecode.c.objc; path = ZWAItemStore.m; sourceTree = "<group>"; };
/* End PBXFileReference section */

/* Begin PBXFrameworksBuildPhase section */
		46F0319B1E6FDB2500560B0B /* Frameworks */ = {
			isa = PBXFrameworksBuildPhase;
			buildActionMask = 2147483647;
			files = (
			);
			runOnlyForDeploymentPostprocessing = 0;
		};
/* End PBXFrameworksBuildPhase section */

/* Begin PBXGroup section */
		46F031951E6FDB2500560B0B = {
			isa = PBXGroup;
			children = (
				46F031A01E6FDB2500560B0B /* Homepwner */,
				46F0319F1E6FDB2500560B0B /* Products */,
			);
			sourceTree = "<group>";
		};
		46F0319F1E6FDB2500560B0B /* Products */ = {
			isa = PBXGroup;
			children = (
				46F0319E1E6FDB2500560B0B /* Homepwner.app */,
			);
			name = Products;
			sourceTree = "<group>";
		};
		46F031A01E6FDB2500560B0B /* Homepwner */ = {
			isa = PBXGroup;
			children = (
				46F031A41E6FDB2500560B0B /* AppDelegate.h */,
				46F031A51E6FDB2500560B0B /* AppDelegate.m */,
				46F031A71E6FDB2500560B0B /* ViewController.h */,
				46F031A81E6FDB2500560B0B /* ViewController.m */,
				46F031BB1E6FDCFD00560B0B /* ZWAItem.h */,
				46F031BC1E6FDCFD00560B0B /* ZWAItem.m */,
				46F031BE1E6FDD7700560B0B /* ZWAItemStore.h */,
				46F031BF1E6FDD7700560B0B /* ZWAItemStore.m */,
				4655D7F81E700678007A6C41 /* ZWAImageStore.h */,
				4655D7F91E700678007A6C41 /* ZWAImageStore.m */,
				4655D7F11E6FE66C007A6C41 /* HeadView.xib */,
				4655D7F31E6FF0E0007A6C41 /* ZWADetailViewController.h */,
				4655D7F41E6FF0E0007A6C41 /* ZWADetailViewController.m */,
				4655D8781E73AECC007A6C41 /* ZWADetailViewController.xib */,
				4655D8271E7265D6007A6C41 /* ZWAItemCell.h */,
				4655D8281E7265D6007A6C41 /* ZWAItemCell.m */,
				4655D82A1E7265F8007A6C41 /* ZWAItemCell.xib */,
				4655D82C1E727B00007A6C41 /* ZWAImageViewController.h */,
				4655D82D1E727B00007A6C41 /* ZWAImageViewController.m */,
				4655D87C1E73EE11007A6C41 /* Settings.bundle */,
				46F031AD1E6FDB2500560B0B /* Assets.xcassets */,
				46F031AF1E6FDB2500560B0B /* LaunchScreen.storyboard */,
				46F031B21E6FDB2500560B0B /* Info.plist */,
				46F031A11E6FDB2500560B0B /* Supporting Files */,
			);
			path = Homepwner;
			sourceTree = "<group>";
		};
		46F031A11E6FDB2500560B0B /* Supporting Files */ = {
			isa = PBXGroup;
			children = (
				46F031A21E6FDB2500560B0B /* main.m */,
			);
			name = "Supporting Files";
			sourceTree = "<group>";
		};
/* End PBXGroup section */

/* Begin PBXNativeTarget section */
		46F0319D1E6FDB2500560B0B /* Homepwner */ = {
			isa = PBXNativeTarget;
			buildConfigurationList = 46F031B51E6FDB2500560B0B /* Build configuration list for PBXNativeTarget "Homepwner" */;
			buildPhases = (
				46F0319A1E6FDB2500560B0B /* Sources */,
				46F0319B1E6FDB2500560B0B /* Frameworks */,
				46F0319C1E6FDB2500560B0B /* Resources */,
			);
			buildRules = (
			);
			dependencies = (
			);
			name = Homepwner;
			productName = Homepwner;
			productReference = 46F0319E1E6FDB2500560B0B /* Homepwner.app */;
			productType = "com.apple.product-type.application";
		};
/* End PBXNativeTarget section */

/* Begin PBXProject section */
		46F031961E6FDB2500560B0B /* Project object */ = {
			isa = PBXProject;
			attributes = {
				CLASSPREFIX = ZWA;
				LastUpgradeCheck = 0800;
				ORGANIZATIONNAME = "Zeon Waa";
				TargetAttributes = {
					46F0319D1E6FDB2500560B0B = {
						CreatedOnToolsVersion = 8.0;
						ProvisioningStyle = Automatic;
					};
				};
			};
			buildConfigurationList = 46F031991E6FDB2500560B0B /* Build configuration list for PBXProject "Homepwner" */;
			compatibilityVersion = "Xcode 3.2";
			developmentRegion = English;
			hasScannedForEncodings = 0;
			knownRegions = (
				en,
				Base,
				es,
			);
			mainGroup = 46F031951E6FDB2500560B0B;
			productRefGroup = 46F0319F1E6FDB2500560B0B /* Products */;
			projectDirPath = "";
			projectRoot = "";
			targets = (
				46F0319D1E6FDB2500560B0B /* Homepwner */,
			);
		};
/* End PBXProject section */

/* Begin PBXResourcesBuildPhase section */
		46F0319C1E6FDB2500560B0B /* Resources */ = {
			isa = PBXResourcesBuildPhase;
			buildActionMask = 2147483647;
			files = (
				46F031B11E6FDB2500560B0B /* LaunchScreen.storyboard in Resources */,
				4655D8761E73AECC007A6C41 /* ZWADetailViewController.xib in Resources */,
				4655D7F21E6FE66C007A6C41 /* HeadView.xib in Resources */,
				4655D82B1E7265F8007A6C41 /* ZWAItemCell.xib in Resources */,
				4655D87D1E73EE11007A6C41 /* Settings.bundle in Resources */,
				46F031AE1E6FDB2500560B0B /* Assets.xcassets in Resources */,
			);
			runOnlyForDeploymentPostprocessing = 0;
		};
/* End PBXResourcesBuildPhase section */

/* Begin PBXSourcesBuildPhase section */
		46F0319A1E6FDB2500560B0B /* Sources */ = {
			isa = PBXSourcesBuildPhase;
			buildActionMask = 2147483647;
			files = (
				46F031A91E6FDB2500560B0B /* ViewController.m in Sources */,
				4655D8291E7265D6007A6C41 /* ZWAItemCell.m in Sources */,
				4655D7FA1E700678007A6C41 /* ZWAImageStore.m in Sources */,
				46F031BD1E6FDCFD00560B0B /* ZWAItem.m in Sources */,
				4655D82E1E727B00007A6C41 /* ZWAImageViewController.m in Sources */,
				46F031A61E6FDB2500560B0B /* AppDelegate.m in Sources */,
				46F031A31E6FDB2500560B0B /* main.m in Sources */,
				4655D7F51E6FF0E0007A6C41 /* ZWADetailViewController.m in Sources */,
				46F031C01E6FDD7700560B0B /* ZWAItemStore.m in Sources */,
			);
			runOnlyForDeploymentPostprocessing = 0;
		};
/* End PBXSourcesBuildPhase section */

/* Begin PBXVariantGroup section */
		4655D8781E73AECC007A6C41 /* ZWADetailViewController.xib */ = {
			isa = PBXVariantGroup;
			children = (
				4655D8771E73AECC007A6C41 /* Base */,
				4655D87B1E73AEDA007A6C41 /* es */,
			);
			name = ZWADetailViewController.xib;
			sourceTree = "<group>";
		};
		46F031AF1E6FDB2500560B0B /* LaunchScreen.storyboard */ = {
			isa = PBXVariantGroup;
			children = (
				46F031B01E6FDB2500560B0B /* Base */,
			);
			name = LaunchScreen.storyboard;
			sourceTree = "<group>";
		};
/* End PBXVariantGroup section */

/* Begin XCBuildConfiguration section */
		46F031B31E6FDB2500560B0B /* Debug */ = {
			isa = XCBuildConfiguration;
			buildSettings = {
				ALWAYS_SEARCH_USER_PATHS = NO;
				CLANG_ANALYZER_LOCALIZABILITY_NONLOCALIZED = YES;
				CLANG_ANALYZER_NONNULL = YES;
				CLANG_CXX_LANGUAGE_STANDARD = "gnu++0x";
				CLANG_CXX_LIBRARY = "libc++";
				CLANG_ENABLE_MODULES = YES;
				CLANG_ENABLE_OBJC_ARC = YES;
				CLANG_WARN_BOOL_CONVERSION = YES;
				CLANG_WARN_CONSTANT_CONVERSION = YES;
				CLANG_WARN_DIRECT_OBJC_ISA_USAGE = YES_ERROR;
				CLANG_WARN_DOCUMENTATION_COMMENTS = YES;
				CLANG_WARN_EMPTY_BODY = YES;
				CLANG_WARN_ENUM_CONVERSION = YES;
				CLANG_WARN_INFINITE_RECURSION = YES;
				CLANG_WARN_INT_CONVERSION = YES;
				CLANG_WARN_OBJC_ROOT_CLASS = YES_ERROR;
				CLANG_WARN_SUSPICIOUS_MOVES = YES;
				CLANG_WARN_UNREACHABLE_CODE = YES;
				CLANG_WARN__DUPLICATE_METHOD_MATCH = YES;
				"CODE_SIGN_IDENTITY[sdk=iphoneos*]" = "iPhone Developer";
				COPY_PHASE_STRIP = NO;
				DEBUG_INFORMATION_FORMAT = dwarf;
				ENABLE_STRICT_OBJC_MSGSEND = YES;
				ENABLE_TESTABILITY = YES;
				GCC_C_LANGUAGE_STANDARD = gnu99;
				GCC_DYNAMIC_NO_PIC = NO;
				GCC_NO_COMMON_BLOCKS = YES;
				GCC_OPTIMIZATION_LEVEL = 0;
				GCC_PREPROCESSOR_DEFINITIONS = (
					"DEBUG=1",
					"$(inherited)",
				);
				GCC_WARN_64_TO_32_BIT_CONVERSION = YES;
				GCC_WARN_ABOUT_RETURN_TYPE = YES_ERROR;
				GCC_WARN_UNDECLARED_SELECTOR = YES;
				GCC_WARN_UNINITIALIZED_AUTOS = YES_AGGRESSIVE;
				GCC_WARN_UNUSED_FUNCTION = YES;
				GCC_WARN_UNUSED_VARIABLE = YES;
				IPHONEOS_DEPLOYMENT_TARGET = 8.0;
				MTL_ENABLE_DEBUG_INFO = YES;
				ONLY_ACTIVE_ARCH = YES;
				SDKROOT = iphoneos;
				TARGETED_DEVICE_FAMILY = "1,2";
			};
			name = Debug;
		};
		46F031B41E6FDB2500560B0B /* Release */ = {
			isa = XCBuildConfiguration;
			buildSettings = {
				ALWAYS_SEARCH_USER_PATHS = NO;
				CLANG_ANALYZER_LOCALIZABILITY_NONLOCALIZED = YES;
				CLANG_ANALYZER_NONNULL = YES;
				CLANG_CXX_LANGUAGE_STANDARD = "gnu++0x";
				CLANG_CXX_LIBRARY = "libc++";
				CLANG_ENABLE_MODULES = YES;
				CLANG_ENABLE_OBJC_ARC = YES;
				CLANG_WARN_BOOL_CONVERSION = YES;
				CLANG_WARN_CONSTANT_CONVERSION = YES;
				CLANG_WARN_DIRECT_OBJC_ISA_USAGE = YES_ERROR;
				CLANG_WARN_DOCUMENTATION_COMMENTS = YES;
				CLANG_WARN_EMPTY_BODY = YES;
				CLANG_WARN_ENUM_CONVERSION = YES;
				CLANG_WARN_INFINITE_RECURSION = YES;
				CLANG_WARN_INT_CONVERSION = YES;
				CLANG_WARN_OBJC_ROOT_CLASS = YES_ERROR;
				CLANG_WARN_SUSPICIOUS_MOVES = YES;
				CLANG_WARN_UNREACHABLE_CODE = YES;
				CLANG_WARN__DUPLICATE_METHOD_MATCH = YES;
				"CODE_SIGN_IDENTITY[sdk=iphoneos*]" = "iPhone Developer";
				COPY_PHASE_STRIP = NO;
				DEBUG_INFORMATION_FORMAT = "dwarf-with-dsym";
				ENABLE_NS_ASSERTIONS = NO;
				ENABLE_STRICT_OBJC_MSGSEND = YES;
				GCC_C_LANGUAGE_STANDARD = gnu99;
				GCC_NO_COMMON_BLOCKS = YES;
				GCC_WARN_64_TO_32_BIT_CONVERSION = YES;
				GCC_WARN_ABOUT_RETURN_TYPE = YES_ERROR;
				GCC_WARN_UNDECLARED_SELECTOR = YES;
				GCC_WARN_UNINITIALIZED_AUTOS = YES_AGGRESSIVE;
				GCC_WARN_UNUSED_FUNCTION = YES;
				GCC_WARN_UNUSED_VARIABLE = YES;
				IPHONEOS_DEPLOYMENT_TARGET = 8.0;
				MTL_ENABLE_DEBUG_INFO = NO;
				SDKROOT = iphoneos;
				TARGETED_DEVICE_FAMILY = "1,2";
				VALIDATE_PRODUCT = YES;
			};
			name = Release;
		};
		46F031B61E6FDB2500560B0B /* Debug */ = {
			isa = XCBuildConfiguration;
			buildSettings = {
				ASSETCATALOG_COMPILER_APPICON_NAME = AppIcon;
				DEVELOPMENT_TEAM = "";
				INFOPLIST_FILE = Homepwner/Info.plist;
				LD_RUNPATH_SEARCH_PATHS = "$(inherited) @executable_path/Frameworks";
				PRODUCT_BUNDLE_IDENTIFIER = com.samDemo.Homepwner;
				PRODUCT_NAME = "$(TARGET_NAME)";
			};
			name = Debug;
		};
		46F031B71E6FDB2500560B0B /* Release */ = {
			isa = XCBuildConfiguration;
			buildSettings = {
				ASSETCATALOG_COMPILER_APPICON_NAME = AppIcon;
				DEVELOPMENT_TEAM = "";
				INFOPLIST_FILE = Homepwner/Info.plist;
				LD_RUNPATH_SEARCH_PATHS = "$(inherited) @executable_path/Frameworks";
				PRODUCT_BUNDLE_IDENTIFIER = com.samDemo.Homepwner;
				PRODUCT_NAME = "$(TARGET_NAME)";
			};
			name = Release;
		};
/* End XCBuildConfiguration section */

/* Begin XCConfigurationList section */
		46F031991E6FDB2500560B0B /* Build configuration list for PBXProject "Homepwner" */ = {
			isa = XCConfigurationList;
			buildConfigurations = (
				46F031B31E6FDB2500560B0B /* Debug */,
				46F031B41E6FDB2500560B0B /* Release */,
			);
			defaultConfigurationIsVisible = 0;
			defaultConfigurationName = Release;
		};
		46F031B51E6FDB2500560B0B /* Build configuration list for PBXNativeTarget "Homepwner" */ = {
			isa = XCConfigurationList;
			buildConfigurations = (
				46F031B61E6FDB2500560B0B /* Debug */,
				46F031B71E6FDB2500560B0B /* Release */,
			);
			defaultConfigurationIsVisible = 0;
			defaultConfigurationName = Release;
		};
/* End XCConfigurationList section */
	};
	rootObject = 46F031961E6FDB2500560B0B /* Project object */;
}
